
Microsoft Visual Studio Solution File, Format Version 12.00
# Visual Studio Version 17
VisualStudioVersion = 17.0.32112.339
MinimumVisualStudioVersion = 15.0.26124.0
Project("{9A19103F-16F7-4668-BE54-9A1E7A4F7556}") = "Gotenberg.Sharp.Api.Client", "src\Gotenberg.Sharp.Api.Client\Gotenberg.Sharp.Api.Client.csproj", "{75F783A4-9392-412F-9DFE-00EE89527C10}"
EndProject
Project("{FAE04EC0-301F-11D3-BF4B-00C04F79EFBC}") = "GotenbergSharpClient.Tests", "test\GotenbergSharpClient.Tests\GotenbergSharpClient.Tests.csproj", "{EEAF9CA2-7962-176A-E851-BF81D8DE31F0}"
EndProject
Project("{2150E333-8FDC-42A3-9474-1A3956D46DE8}") = "Examples", "Examples", "{02EA681E-C7D8-13C7-8484-4AC65E1B71E8}"
	ProjectSection(SolutionItems) = preProject
		examples\appsettings.json = examples\appsettings.json
		examples\Directory.Build.props = examples\Directory.Build.props
		examples\README.md = examples\README.md
	EndProjectSection
EndProject
Project("{FAE04EC0-301F-11D3-BF4B-00C04F79EFBC}") = "DIExample", "examples\DIExample\DIExample.csproj", "{C022147F-DA63-5B3C-9349-FEB9675362DF}"
EndProject
Project("{FAE04EC0-301F-11D3-BF4B-00C04F79EFBC}") = "HtmlConvert", "examples\HtmlConvert\HtmlConvert.csproj", "{6113FC36-F04E-B6CA-5C64-EA6156640C94}"
EndProject
Project("{FAE04EC0-301F-11D3-BF4B-00C04F79EFBC}") = "HtmlWithMarkdown", "examples\HtmlWithMarkdown\HtmlWithMarkdown.csproj", "{893AD0F6-7E7E-8550-56D7-BBCB77933BD3}"
EndProject
Project("{FAE04EC0-301F-11D3-BF4B-00C04F79EFBC}") = "OfficeMerge", "examples\OfficeMerge\OfficeMerge.csproj", "{2A1FC5B6-EB87-C86A-71BB-42784913627C}"
EndProject
Project("{FAE04EC0-301F-11D3-BF4B-00C04F79EFBC}") = "PdfConvert", "examples\PdfConvert\PdfConvert.csproj", "{BB512649-8BE2-38B1-49D1-E8CA8701BA1A}"
EndProject
Project("{FAE04EC0-301F-11D3-BF4B-00C04F79EFBC}") = "PdfMerge", "examples\PdfMerge\PdfMerge.csproj", "{DDD4236E-F481-4DE9-306C-66E77A8D2CB9}"
EndProject
Project("{FAE04EC0-301F-11D3-BF4B-00C04F79EFBC}") = "UrlConvert", "examples\UrlConvert\UrlConvert.csproj", "{9C18F2D1-E9E9-613A-DE10-4263A2EA8A17}"
EndProject
Project("{FAE04EC0-301F-11D3-BF4B-00C04F79EFBC}") = "UrlsToMergedPdf", "examples\UrlsToMergedPdf\UrlsToMergedPdf.csproj", "{A4D0B498-A934-2F11-2AA7-18D1D1C9E881}"
EndProject
Project("{FAE04EC0-301F-11D3-BF4B-00C04F79EFBC}") = "Webhook", "examples\Webhook\Webhook.csproj", "{01C9F662-6378-3FC4-B629-9FD37A38033D}"
EndProject
Global
	GlobalSection(SolutionConfigurationPlatforms) = preSolution
		Debug|Any CPU = Debug|Any CPU
		Debug|x64 = Debug|x64
		Debug|x86 = Debug|x86
		Release|Any CPU = Release|Any CPU
		Release|x64 = Release|x64
		Release|x86 = Release|x86
	EndGlobalSection
	GlobalSection(ProjectConfigurationPlatforms) = postSolution
		{75F783A4-9392-412F-9DFE-00EE89527C10}.Debug|Any CPU.ActiveCfg = Debug|Any CPU
		{75F783A4-9392-412F-9DFE-00EE89527C10}.Debug|Any CPU.Build.0 = Debug|Any CPU
		{75F783A4-9392-412F-9DFE-00EE89527C10}.Debug|x64.ActiveCfg = Debug|Any CPU
		{75F783A4-9392-412F-9DFE-00EE89527C10}.Debug|x64.Build.0 = Debug|Any CPU
		{75F783A4-9392-412F-9DFE-00EE89527C10}.Debug|x86.ActiveCfg = Debug|Any CPU
		{75F783A4-9392-412F-9DFE-00EE89527C10}.Debug|x86.Build.0 = Debug|Any CPU
		{75F783A4-9392-412F-9DFE-00EE89527C10}.Release|Any CPU.ActiveCfg = Release|Any CPU
		{75F783A4-9392-412F-9DFE-00EE89527C10}.Release|Any CPU.Build.0 = Release|Any CPU
		{75F783A4-9392-412F-9DFE-00EE89527C10}.Release|x64.ActiveCfg = Release|Any CPU
		{75F783A4-9392-412F-9DFE-00EE89527C10}.Release|x64.Build.0 = Release|Any CPU
		{75F783A4-9392-412F-9DFE-00EE89527C10}.Release|x86.ActiveCfg = Release|Any CPU
		{75F783A4-9392-412F-9DFE-00EE89527C10}.Release|x86.Build.0 = Release|Any CPU
		{EEAF9CA2-7962-176A-E851-BF81D8DE31F0}.Debug|Any CPU.ActiveCfg = Debug|Any CPU
		{EEAF9CA2-7962-176A-E851-BF81D8DE31F0}.Debug|Any CPU.Build.0 = Debug|Any CPU
		{EEAF9CA2-7962-176A-E851-BF81D8DE31F0}.Debug|x64.ActiveCfg = Debug|Any CPU
		{EEAF9CA2-7962-176A-E851-BF81D8DE31F0}.Debug|x64.Build.0 = Debug|Any CPU
		{EEAF9CA2-7962-176A-E851-BF81D8DE31F0}.Debug|x86.ActiveCfg = Debug|Any CPU
		{EEAF9CA2-7962-176A-E851-BF81D8DE31F0}.Debug|x86.Build.0 = Debug|Any CPU
		{EEAF9CA2-7962-176A-E851-BF81D8DE31F0}.Release|Any CPU.ActiveCfg = Release|Any CPU
		{EEAF9CA2-7962-176A-E851-BF81D8DE31F0}.Release|Any CPU.Build.0 = Release|Any CPU
		{EEAF9CA2-7962-176A-E851-BF81D8DE31F0}.Release|x64.ActiveCfg = Release|Any CPU
		{EEAF9CA2-7962-176A-E851-BF81D8DE31F0}.Release|x64.Build.0 = Release|Any CPU
		{EEAF9CA2-7962-176A-E851-BF81D8DE31F0}.Release|x86.ActiveCfg = Release|Any CPU
		{EEAF9CA2-7962-176A-E851-BF81D8DE31F0}.Release|x86.Build.0 = Release|Any CPU
		{C022147F-DA63-5B3C-9349-FEB9675362DF}.Debug|Any CPU.ActiveCfg = Debug|Any CPU
		{C022147F-DA63-5B3C-9349-FEB9675362DF}.Debug|x64.ActiveCfg = Debug|Any CPU
		{C022147F-DA63-5B3C-9349-FEB9675362DF}.Debug|x64.Build.0 = Debug|Any CPU
		{C022147F-DA63-5B3C-9349-FEB9675362DF}.Debug|x86.ActiveCfg = Debug|Any CPU
		{C022147F-DA63-5B3C-9349-FEB9675362DF}.Debug|x86.Build.0 = Debug|Any CPU
		{C022147F-DA63-5B3C-9349-FEB9675362DF}.Release|Any CPU.ActiveCfg = Release|Any CPU
		{C022147F-DA63-5B3C-9349-FEB9675362DF}.Release|Any CPU.Build.0 = Release|Any CPU
		{C022147F-DA63-5B3C-9349-FEB9675362DF}.Release|x64.ActiveCfg = Release|Any CPU
		{C022147F-DA63-5B3C-9349-FEB9675362DF}.Release|x64.Build.0 = Release|Any CPU
		{C022147F-DA63-5B3C-9349-FEB9675362DF}.Release|x86.ActiveCfg = Release|Any CPU
		{C022147F-DA63-5B3C-9349-FEB9675362DF}.Release|x86.Build.0 = Release|Any CPU
		{6113FC36-F04E-B6CA-5C64-EA6156640C94}.Debug|Any CPU.ActiveCfg = Debug|Any CPU
		{6113FC36-F04E-B6CA-5C64-EA6156640C94}.Debug|x64.ActiveCfg = Debug|Any CPU
		{6113FC36-F04E-B6CA-5C64-EA6156640C94}.Debug|x64.Build.0 = Debug|Any CPU
		{6113FC36-F04E-B6CA-5C64-EA6156640C94}.Debug|x86.ActiveCfg = Debug|Any CPU
		{6113FC36-F04E-B6CA-5C64-EA6156640C94}.Debug|x86.Build.0 = Debug|Any CPU
		{6113FC36-F04E-B6CA-5C64-EA6156640C94}.Release|Any CPU.ActiveCfg = Release|Any CPU
		{6113FC36-F04E-B6CA-5C64-EA6156640C94}.Release|Any CPU.Build.0 = Release|Any CPU
		{6113FC36-F04E-B6CA-5C64-EA6156640C94}.Release|x64.ActiveCfg = Release|Any CPU
		{6113FC36-F04E-B6CA-5C64-EA6156640C94}.Release|x64.Build.0 = Release|Any CPU
		{6113FC36-F04E-B6CA-5C64-EA6156640C94}.Release|x86.ActiveCfg = Release|Any CPU
		{6113FC36-F04E-B6CA-5C64-EA6156640C94}.Release|x86.Build.0 = Release|Any CPU
		{893AD0F6-7E7E-8550-56D7-BBCB77933BD3}.Debug|Any CPU.ActiveCfg = Debug|Any CPU
		{893AD0F6-7E7E-8550-56D7-BBCB77933BD3}.Debug|x64.ActiveCfg = Debug|Any CPU
		{893AD0F6-7E7E-8550-56D7-BBCB77933BD3}.Debug|x64.Build.0 = Debug|Any CPU
		{893AD0F6-7E7E-8550-56D7-BBCB77933BD3}.Debug|x86.ActiveCfg = Debug|Any CPU
		{893AD0F6-7E7E-8550-56D7-BBCB77933BD3}.Debug|x86.Build.0 = Debug|Any CPU
		{893AD0F6-7E7E-8550-56D7-BBCB77933BD3}.Release|Any CPU.ActiveCfg = Release|Any CPU
		{893AD0F6-7E7E-8550-56D7-BBCB77933BD3}.Release|Any CPU.Build.0 = Release|Any CPU
		{893AD0F6-7E7E-8550-56D7-BBCB77933BD3}.Release|x64.ActiveCfg = Release|Any CPU
		{893AD0F6-7E7E-8550-56D7-BBCB77933BD3}.Release|x64.Build.0 = Release|Any CPU
		{893AD0F6-7E7E-8550-56D7-BBCB77933BD3}.Release|x86.ActiveCfg = Release|Any CPU
		{893AD0F6-7E7E-8550-56D7-BBCB77933BD3}.Release|x86.Build.0 = Release|Any CPU
		{2A1FC5B6-EB87-C86A-71BB-42784913627C}.Debug|Any CPU.ActiveCfg = Debug|Any CPU
		{2A1FC5B6-EB87-C86A-71BB-42784913627C}.Debug|x64.ActiveCfg = Debug|Any CPU
		{2A1FC5B6-EB87-C86A-71BB-42784913627C}.Debug|x64.Build.0 = Debug|Any CPU
		{2A1FC5B6-EB87-C86A-71BB-42784913627C}.Debug|x86.ActiveCfg = Debug|Any CPU
		{2A1FC5B6-EB87-C86A-71BB-42784913627C}.Debug|x86.Build.0 = Debug|Any CPU
		{2A1FC5B6-EB87-C86A-71BB-42784913627C}.Release|Any CPU.ActiveCfg = Release|Any CPU
		{2A1FC5B6-EB87-C86A-71BB-42784913627C}.Release|Any CPU.Build.0 = Release|Any CPU
		{2A1FC5B6-EB87-C86A-71BB-42784913627C}.Release|x64.ActiveCfg = Release|Any CPU
		{2A1FC5B6-EB87-C86A-71BB-42784913627C}.Release|x64.Build.0 = Release|Any CPU
		{2A1FC5B6-EB87-C86A-71BB-42784913627C}.Release|x86.ActiveCfg = Release|Any CPU
		{2A1FC5B6-EB87-C86A-71BB-42784913627C}.Release|x86.Build.0 = Release|Any CPU
		{BB512649-8BE2-38B1-49D1-E8CA8701BA1A}.Debug|Any CPU.ActiveCfg = Debug|Any CPU
		{BB512649-8BE2-38B1-49D1-E8CA8701BA1A}.Debug|x64.ActiveCfg = Debug|Any CPU
		{BB512649-8BE2-38B1-49D1-E8CA8701BA1A}.Debug|x64.Build.0 = Debug|Any CPU
		{BB512649-8BE2-38B1-49D1-E8CA8701BA1A}.Debug|x86.ActiveCfg = Debug|Any CPU
		{BB512649-8BE2-38B1-49D1-E8CA8701BA1A}.Debug|x86.Build.0 = Debug|Any CPU
		{BB512649-8BE2-38B1-49D1-E8CA8701BA1A}.Release|Any CPU.ActiveCfg = Release|Any CPU
		{BB512649-8BE2-38B1-49D1-E8CA8701BA1A}.Release|Any CPU.Build.0 = Release|Any CPU
		{BB512649-8BE2-38B1-49D1-E8CA8701BA1A}.Release|x64.ActiveCfg = Release|Any CPU
		{BB512649-8BE2-38B1-49D1-E8CA8701BA1A}.Release|x64.Build.0 = Release|Any CPU
		{BB512649-8BE2-38B1-49D1-E8CA8701BA1A}.Release|x86.ActiveCfg = Release|Any CPU
		{BB512649-8BE2-38B1-49D1-E8CA8701BA1A}.Release|x86.Build.0 = Release|Any CPU
		{DDD4236E-F481-4DE9-306C-66E77A8D2CB9}.Debug|Any CPU.ActiveCfg = Debug|Any CPU
		{DDD4236E-F481-4DE9-306C-66E77A8D2CB9}.Debug|x64.ActiveCfg = Debug|Any CPU
		{DDD4236E-F481-4DE9-306C-66E77A8D2CB9}.Debug|x64.Build.0 = Debug|Any CPU
		{DDD4236E-F481-4DE9-306C-66E77A8D2CB9}.Debug|x86.ActiveCfg = Debug|Any CPU
		{DDD4236E-F481-4DE9-306C-66E77A8D2CB9}.Debug|x86.Build.0 = Debug|Any CPU
		{DDD4236E-F481-4DE9-306C-66E77A8D2CB9}.Release|Any CPU.ActiveCfg = Release|Any CPU
		{DDD4236E-F481-4DE9-306C-66E77A8D2CB9}.Release|Any CPU.Build.0 = Release|Any CPU
		{DDD4236E-F481-4DE9-306C-66E77A8D2CB9}.Release|x64.ActiveCfg = Release|Any CPU
		{DDD4236E-F481-4DE9-306C-66E77A8D2CB9}.Release|x64.Build.0 = Release|Any CPU
		{DDD4236E-F481-4DE9-306C-66E77A8D2CB9}.Release|x86.ActiveCfg = Release|Any CPU
		{DDD4236E-F481-4DE9-306C-66E77A8D2CB9}.Release|x86.Build.0 = Release|Any CPU
		{9C18F2D1-E9E9-613A-DE10-4263A2EA8A17}.Debug|Any CPU.ActiveCfg = Debug|Any CPU
		{9C18F2D1-E9E9-613A-DE10-4263A2EA8A17}.Debug|x64.ActiveCfg = Debug|Any CPU
		{9C18F2D1-E9E9-613A-DE10-4263A2EA8A17}.Debug|x64.Build.0 = Debug|Any CPU
		{9C18F2D1-E9E9-613A-DE10-4263A2EA8A17}.Debug|x86.ActiveCfg = Debug|Any CPU
		{9C18F2D1-E9E9-613A-DE10-4263A2EA8A17}.Debug|x86.Build.0 = Debug|Any CPU
		{9C18F2D1-E9E9-613A-DE10-4263A2EA8A17}.Release|Any CPU.ActiveCfg = Release|Any CPU
		{9C18F2D1-E9E9-613A-DE10-4263A2EA8A17}.Release|Any CPU.Build.0 = Release|Any CPU
		{9C18F2D1-E9E9-613A-DE10-4263A2EA8A17}.Release|x64.ActiveCfg = Release|Any CPU
		{9C18F2D1-E9E9-613A-DE10-4263A2EA8A17}.Release|x64.Build.0 = Release|Any CPU
		{9C18F2D1-E9E9-613A-DE10-4263A2EA8A17}.Release|x86.ActiveCfg = Release|Any CPU
		{9C18F2D1-E9E9-613A-DE10-4263A2EA8A17}.Release|x86.Build.0 = Release|Any CPU
		{A4D0B498-A934-2F11-2AA7-18D1D1C9E881}.Debug|Any CPU.ActiveCfg = Debug|Any CPU
		{A4D0B498-A934-2F11-2AA7-18D1D1C9E881}.Debug|x64.ActiveCfg = Debug|Any CPU
		{A4D0B498-A934-2F11-2AA7-18D1D1C9E881}.Debug|x64.Build.0 = Debug|Any CPU
		{A4D0B498-A934-2F11-2AA7-18D1D1C9E881}.Debug|x86.ActiveCfg = Debug|Any CPU
		{A4D0B498-A934-2F11-2AA7-18D1D1C9E881}.Debug|x86.Build.0 = Debug|Any CPU
		{A4D0B498-A934-2F11-2AA7-18D1D1C9E881}.Release|Any CPU.ActiveCfg = Release|Any CPU
		{A4D0B498-A934-2F11-2AA7-18D1D1C9E881}.Release|Any CPU.Build.0 = Release|Any CPU
		{A4D0B498-A934-2F11-2AA7-18D1D1C9E881}.Release|x64.ActiveCfg = Release|Any CPU
		{A4D0B498-A934-2F11-2AA7-18D1D1C9E881}.Release|x64.Build.0 = Release|Any CPU
		{A4D0B498-A934-2F11-2AA7-18D1D1C9E881}.Release|x86.ActiveCfg = Release|Any CPU
		{A4D0B498-A934-2F11-2AA7-18D1D1C9E881}.Release|x86.Build.0 = Release|Any CPU
		{01C9F662-6378-3FC4-B629-9FD37A38033D}.Debug|Any CPU.ActiveCfg = Debug|Any CPU
		{01C9F662-6378-3FC4-B629-9FD37A38033D}.Debug|x64.ActiveCfg = Debug|Any CPU
		{01C9F662-6378-3FC4-B629-9FD37A38033D}.Debug|x64.Build.0 = Debug|Any CPU
		{01C9F662-6378-3FC4-B629-9FD37A38033D}.Debug|x86.ActiveCfg = Debug|Any CPU
		{01C9F662-6378-3FC4-B629-9FD37A38033D}.Debug|x86.Build.0 = Debug|Any CPU
		{01C9F662-6378-3FC4-B629-9FD37A38033D}.Release|Any CPU.ActiveCfg = Release|Any CPU
		{01C9F662-6378-3FC4-B629-9FD37A38033D}.Release|Any CPU.Build.0 = Release|Any CPU
		{01C9F662-6378-3FC4-B629-9FD37A38033D}.Release|x64.ActiveCfg = Release|Any CPU
		{01C9F662-6378-3FC4-B629-9FD37A38033D}.Release|x64.Build.0 = Release|Any CPU
		{01C9F662-6378-3FC4-B629-9FD37A38033D}.Release|x86.ActiveCfg = Release|Any CPU
		{01C9F662-6378-3FC4-B629-9FD37A38033D}.Release|x86.Build.0 = Release|Any CPU
	EndGlobalSection
	GlobalSection(SolutionProperties) = preSolution
		HideSolutionNode = FALSE
	EndGlobalSection
	GlobalSection(NestedProjects) = preSolution
		{C022147F-DA63-5B3C-9349-FEB9675362DF} = {02EA681E-C7D8-13C7-8484-4AC65E1B71E8}
		{6113FC36-F04E-B6CA-5C64-EA6156640C94} = {02EA681E-C7D8-13C7-8484-4AC65E1B71E8}
		{893AD0F6-7E7E-8550-56D7-BBCB77933BD3} = {02EA681E-C7D8-13C7-8484-4AC65E1B71E8}
		{2A1FC5B6-EB87-C86A-71BB-42784913627C} = {02EA681E-C7D8-13C7-8484-4AC65E1B71E8}
		{BB512649-8BE2-38B1-49D1-E8CA8701BA1A} = {02EA681E-C7D8-13C7-8484-4AC65E1B71E8}
		{DDD4236E-F481-4DE9-306C-66E77A8D2CB9} = {02EA681E-C7D8-13C7-8484-4AC65E1B71E8}
		{9C18F2D1-E9E9-613A-DE10-4263A2EA8A17} = {02EA681E-C7D8-13C7-8484-4AC65E1B71E8}
		{A4D0B498-A934-2F11-2AA7-18D1D1C9E881} = {02EA681E-C7D8-13C7-8484-4AC65E1B71E8}
		{01C9F662-6378-3FC4-B629-9FD37A38033D} = {02EA681E-C7D8-13C7-8484-4AC65E1B71E8}
	EndGlobalSection
	GlobalSection(ExtensibilityGlobals) = postSolution
		SolutionGuid = {E732CE09-693A-4EB7-BC1C-34E0D4E2E19F}
	EndGlobalSection
EndGlobal
